
Microsoft Visual Studio Solution File, Format Version 12.00
# Visual Studio 2013
VisualStudioVersion = 12.0.21005.1
MinimumVisualStudioVersion = 10.0.40219.1
Project("{FAE04EC0-301F-11D3-BF4B-00C04F79EFBC}") = "ActiveLogger", "ActiveLogger.csproj", "{8DFE6D45-F3E7-4D74-8E1A-B48867DE120B}"
EndProject
Global
	GlobalSection(SolutionConfigurationPlatforms) = preSolution
		Debug|Any CPU = Debug|Any CPU
		Release|Any CPU = Release|Any CPU
	EndGlobalSection
	GlobalSection(ProjectConfigurationPlatforms) = postSolution
		{8DFE6D45-F3E7-4D74-8E1A-B48867DE120B}.Debug|Any CPU.ActiveCfg = Debug|Any CPU
		{8DFE6D45-F3E7-4D74-8E1A-B48867DE120B}.Debug|Any CPU.Build.0 = Debug|Any CPU
		{8DFE6D45-F3E7-4D74-8E1A-B48867DE120B}.Release|Any CPU.ActiveCfg = Release|Any CPU
		{8DFE6D45-F3E7-4D74-8E1A-B48867DE120B}.Release|Any CPU.Build.0 = Release|Any CPU
	EndGlobalSection
	GlobalSection(SolutionProperties) = preSolution
		HideSolutionNode = FALSE
	EndGlobalSection
EndGlobal
